// !$*UTF8*$!
{
	archiveVersion = 1;
	classes = {
	};
	objectVersion = 46;
	objects = {

/* Begin PBXBuildFile section */
		66602395844CEBA1426234A7 /* Pods_Queue.framework in Frameworks */ = {isa = PBXBuildFile; fileRef = 0CD586E98B665BB618BDD2F4 /* Pods_Queue.framework */; };
		7A8507EE1D9682A5002FA849 /* GoogleService-Info.plist in Resources */ = {isa = PBXBuildFile; fileRef = 7A8507ED1D9682A5002FA849 /* GoogleService-Info.plist */; };
		7A8507F21D96C3C9002FA849 /* Department.swift in Sources */ = {isa = PBXBuildFile; fileRef = 7A8507F11D96C3C9002FA849 /* Department.swift */; };
		7A8507F41D96C3E0002FA849 /* Address.swift in Sources */ = {isa = PBXBuildFile; fileRef = 7A8507F31D96C3E0002FA849 /* Address.swift */; };
		7A8507F61D96C411002FA849 /* Location.swift in Sources */ = {isa = PBXBuildFile; fileRef = 7A8507F51D96C411002FA849 /* Location.swift */; };
		7A8507F81D96C468002FA849 /* OpeningHours.swift in Sources */ = {isa = PBXBuildFile; fileRef = 7A8507F71D96C468002FA849 /* OpeningHours.swift */; };
		7A8507FA1D96C511002FA849 /* FirebaseClient.swift in Sources */ = {isa = PBXBuildFile; fileRef = 7A8507F91D96C511002FA849 /* FirebaseClient.swift */; };
		7A959B131D96D83A00B5382B /* RemoteNotificationsManager.swift in Sources */ = {isa = PBXBuildFile; fileRef = 7A959B121D96D83A00B5382B /* RemoteNotificationsManager.swift */; };
		7A959B151D96D8C100B5382B /* UserNotifications.framework in Frameworks */ = {isa = PBXBuildFile; fileRef = 7A959B141D96D8C100B5382B /* UserNotifications.framework */; };
		7A977A7F1D967CCC0089218B /* AppDelegate.swift in Sources */ = {isa = PBXBuildFile; fileRef = 7A977A7E1D967CCC0089218B /* AppDelegate.swift */; };
		7A977A811D967CCC0089218B /* ViewController.swift in Sources */ = {isa = PBXBuildFile; fileRef = 7A977A801D967CCC0089218B /* ViewController.swift */; };
		7A977A841D967CCC0089218B /* Main.storyboard in Resources */ = {isa = PBXBuildFile; fileRef = 7A977A821D967CCC0089218B /* Main.storyboard */; };
		7A977A861D967CCC0089218B /* Assets.xcassets in Resources */ = {isa = PBXBuildFile; fileRef = 7A977A851D967CCC0089218B /* Assets.xcassets */; };
		7A977A891D967CCC0089218B /* LaunchScreen.storyboard in Resources */ = {isa = PBXBuildFile; fileRef = 7A977A871D967CCC0089218B /* LaunchScreen.storyboard */; };
/* End PBXBuildFile section */

/* Begin PBXFileReference section */
		0CD586E98B665BB618BDD2F4 /* Pods_Queue.framework */ = {isa = PBXFileReference; explicitFileType = wrapper.framework; includeInIndex = 0; path = Pods_Queue.framework; sourceTree = BUILT_PRODUCTS_DIR; };
		5D5582A7969BE46707CCACF6 /* Pods-Queue.debug.xcconfig */ = {isa = PBXFileReference; includeInIndex = 1; lastKnownFileType = text.xcconfig; name = "Pods-Queue.debug.xcconfig"; path = "Pods/Target Support Files/Pods-Queue/Pods-Queue.debug.xcconfig"; sourceTree = "<group>"; };
		7A8507ED1D9682A5002FA849 /* GoogleService-Info.plist */ = {isa = PBXFileReference; fileEncoding = 4; lastKnownFileType = text.plist.xml; path = "GoogleService-Info.plist"; sourceTree = "<group>"; };
		7A8507F11D96C3C9002FA849 /* Department.swift */ = {isa = PBXFileReference; fileEncoding = 4; lastKnownFileType = sourcecode.swift; path = Department.swift; sourceTree = "<group>"; };
		7A8507F31D96C3E0002FA849 /* Address.swift */ = {isa = PBXFileReference; fileEncoding = 4; lastKnownFileType = sourcecode.swift; path = Address.swift; sourceTree = "<group>"; };
		7A8507F51D96C411002FA849 /* Location.swift */ = {isa = PBXFileReference; fileEncoding = 4; lastKnownFileType = sourcecode.swift; path = Location.swift; sourceTree = "<group>"; };
		7A8507F71D96C468002FA849 /* OpeningHours.swift */ = {isa = PBXFileReference; fileEncoding = 4; lastKnownFileType = sourcecode.swift; path = OpeningHours.swift; sourceTree = "<group>"; };
		7A8507F91D96C511002FA849 /* FirebaseClient.swift */ = {isa = PBXFileReference; fileEncoding = 4; lastKnownFileType = sourcecode.swift; path = FirebaseClient.swift; sourceTree = "<group>"; };
		7A8507FB1D96D292002FA849 /* Queue.entitlements */ = {isa = PBXFileReference; lastKnownFileType = text.plist.entitlements; path = Queue.entitlements; sourceTree = "<group>"; };
		7A959B121D96D83A00B5382B /* RemoteNotificationsManager.swift */ = {isa = PBXFileReference; fileEncoding = 4; lastKnownFileType = sourcecode.swift; path = RemoteNotificationsManager.swift; sourceTree = "<group>"; };
		7A959B141D96D8C100B5382B /* UserNotifications.framework */ = {isa = PBXFileReference; lastKnownFileType = wrapper.framework; name = UserNotifications.framework; path = System/Library/Frameworks/UserNotifications.framework; sourceTree = SDKROOT; };
		7A977A7B1D967CCC0089218B /* Queue.app */ = {isa = PBXFileReference; explicitFileType = wrapper.application; includeInIndex = 0; path = Queue.app; sourceTree = BUILT_PRODUCTS_DIR; };
		7A977A7E1D967CCC0089218B /* AppDelegate.swift */ = {isa = PBXFileReference; lastKnownFileType = sourcecode.swift; path = AppDelegate.swift; sourceTree = "<group>"; };
		7A977A801D967CCC0089218B /* ViewController.swift */ = {isa = PBXFileReference; lastKnownFileType = sourcecode.swift; path = ViewController.swift; sourceTree = "<group>"; };
		7A977A831D967CCC0089218B /* Base */ = {isa = PBXFileReference; lastKnownFileType = file.storyboard; name = Base; path = Base.lproj/Main.storyboard; sourceTree = "<group>"; };
		7A977A851D967CCC0089218B /* Assets.xcassets */ = {isa = PBXFileReference; lastKnownFileType = folder.assetcatalog; path = Assets.xcassets; sourceTree = "<group>"; };
		7A977A881D967CCC0089218B /* Base */ = {isa = PBXFileReference; lastKnownFileType = file.storyboard; name = Base; path = Base.lproj/LaunchScreen.storyboard; sourceTree = "<group>"; };
		7A977A8A1D967CCC0089218B /* Info.plist */ = {isa = PBXFileReference; lastKnownFileType = text.plist.xml; path = Info.plist; sourceTree = "<group>"; };
		95FFDB5B57599E2B1775BC7A /* Pods-Queue.release.xcconfig */ = {isa = PBXFileReference; includeInIndex = 1; lastKnownFileType = text.xcconfig; name = "Pods-Queue.release.xcconfig"; path = "Pods/Target Support Files/Pods-Queue/Pods-Queue.release.xcconfig"; sourceTree = "<group>"; };
/* End PBXFileReference section */

/* Begin PBXFrameworksBuildPhase section */
		7A977A781D967CCC0089218B /* Frameworks */ = {
			isa = PBXFrameworksBuildPhase;
			buildActionMask = 2147483647;
			files = (
				7A959B151D96D8C100B5382B /* UserNotifications.framework in Frameworks */,
				66602395844CEBA1426234A7 /* Pods_Queue.framework in Frameworks */,
			);
			runOnlyForDeploymentPostprocessing = 0;
		};
/* End PBXFrameworksBuildPhase section */

/* Begin PBXGroup section */
		1507AD1EEA801808B1FD4576 /* Frameworks */ = {
			isa = PBXGroup;
			children = (
				7A959B141D96D8C100B5382B /* UserNotifications.framework */,
				0CD586E98B665BB618BDD2F4 /* Pods_Queue.framework */,
			);
			name = Frameworks;
			sourceTree = "<group>";
		};
		7A8507EF1D96C389002FA849 /* Fetchers */ = {
			isa = PBXGroup;
			children = (
				7A8507F91D96C511002FA849 /* FirebaseClient.swift */,
			);
			path = Fetchers;
			sourceTree = "<group>";
		};
		7A8507F01D96C3A2002FA849 /* Models */ = {
			isa = PBXGroup;
			children = (
				7A8507F11D96C3C9002FA849 /* Department.swift */,
				7A8507F31D96C3E0002FA849 /* Address.swift */,
				7A8507F51D96C411002FA849 /* Location.swift */,
				7A8507F71D96C468002FA849 /* OpeningHours.swift */,
			);
			path = Models;
			sourceTree = "<group>";
		};
		7A959B111D96D80500B5382B /* RemoteNotifications */ = {
			isa = PBXGroup;
			children = (
				7A959B121D96D83A00B5382B /* RemoteNotificationsManager.swift */,
			);
			path = RemoteNotifications;
			sourceTree = "<group>";
		};
		7A977A721D967CCC0089218B = {
			isa = PBXGroup;
			children = (
				7A977A7D1D967CCC0089218B /* Queue */,
				7A977A7C1D967CCC0089218B /* Products */,
				D6EC884440B1795C09A71876 /* Pods */,
				1507AD1EEA801808B1FD4576 /* Frameworks */,
			);
			sourceTree = "<group>";
		};
		7A977A7C1D967CCC0089218B /* Products */ = {
			isa = PBXGroup;
			children = (
				7A977A7B1D967CCC0089218B /* Queue.app */,
			);
			name = Products;
			sourceTree = "<group>";
		};
		7A977A7D1D967CCC0089218B /* Queue */ = {
			isa = PBXGroup;
			children = (
				7A959B111D96D80500B5382B /* RemoteNotifications */,
				7A8507FB1D96D292002FA849 /* Queue.entitlements */,
				7A8507F01D96C3A2002FA849 /* Models */,
				7A8507EF1D96C389002FA849 /* Fetchers */,
				7A977A7E1D967CCC0089218B /* AppDelegate.swift */,
				7A977A801D967CCC0089218B /* ViewController.swift */,
				7A977A821D967CCC0089218B /* Main.storyboard */,
				7A977A851D967CCC0089218B /* Assets.xcassets */,
				7A977A871D967CCC0089218B /* LaunchScreen.storyboard */,
				7A977A8A1D967CCC0089218B /* Info.plist */,
				7A8507ED1D9682A5002FA849 /* GoogleService-Info.plist */,
			);
			path = Queue;
			sourceTree = "<group>";
		};
		D6EC884440B1795C09A71876 /* Pods */ = {
			isa = PBXGroup;
			children = (
				5D5582A7969BE46707CCACF6 /* Pods-Queue.debug.xcconfig */,
				95FFDB5B57599E2B1775BC7A /* Pods-Queue.release.xcconfig */,
			);
			name = Pods;
			sourceTree = "<group>";
		};
/* End PBXGroup section */

/* Begin PBXNativeTarget section */
		7A977A7A1D967CCC0089218B /* Queue */ = {
			isa = PBXNativeTarget;
			buildConfigurationList = 7A977A8D1D967CCC0089218B /* Build configuration list for PBXNativeTarget "Queue" */;
			buildPhases = (
				9E77D308D5ED467F5CAADE54 /* [CP] Check Pods Manifest.lock */,
				7A977A771D967CCC0089218B /* Sources */,
				7A977A781D967CCC0089218B /* Frameworks */,
				7A977A791D967CCC0089218B /* Resources */,
				0A80060F4088C5FC32AA2412 /* [CP] Embed Pods Frameworks */,
				9532CCD0DCB0F327861AA682 /* [CP] Copy Pods Resources */,
				7A977A901D967DAD0089218B /* ShellScript */,
			);
			buildRules = (
			);
			dependencies = (
			);
			name = Queue;
			productName = Queue;
			productReference = 7A977A7B1D967CCC0089218B /* Queue.app */;
			productType = "com.apple.product-type.application";
		};
/* End PBXNativeTarget section */

/* Begin PBXProject section */
		7A977A731D967CCC0089218B /* Project object */ = {
			isa = PBXProject;
			attributes = {
				LastSwiftUpdateCheck = 0800;
				LastUpgradeCheck = 0800;
				ORGANIZATIONNAME = "Aleksander Grzyb";
				TargetAttributes = {
					7A977A7A1D967CCC0089218B = {
						CreatedOnToolsVersion = 8.0;
						DevelopmentTeam = 99UV99PF48;
						ProvisioningStyle = Automatic;
						SystemCapabilities = {
							com.apple.Push = {
								enabled = 1;
							};
						};
					};
				};
			};
			buildConfigurationList = 7A977A761D967CCC0089218B /* Build configuration list for PBXProject "Queue" */;
			compatibilityVersion = "Xcode 3.2";
			developmentRegion = English;
			hasScannedForEncodings = 0;
			knownRegions = (
				en,
				Base,
			);
			mainGroup = 7A977A721D967CCC0089218B;
			productRefGroup = 7A977A7C1D967CCC0089218B /* Products */;
			projectDirPath = "";
			projectRoot = "";
			targets = (
				7A977A7A1D967CCC0089218B /* Queue */,
			);
		};
/* End PBXProject section */

/* Begin PBXResourcesBuildPhase section */
		7A977A791D967CCC0089218B /* Resources */ = {
			isa = PBXResourcesBuildPhase;
			buildActionMask = 2147483647;
			files = (
				7A977A891D967CCC0089218B /* LaunchScreen.storyboard in Resources */,
				7A8507EE1D9682A5002FA849 /* GoogleService-Info.plist in Resources */,
				7A977A861D967CCC0089218B /* Assets.xcassets in Resources */,
				7A977A841D967CCC0089218B /* Main.storyboard in Resources */,
			);
			runOnlyForDeploymentPostprocessing = 0;
		};
/* End PBXResourcesBuildPhase section */

/* Begin PBXShellScriptBuildPhase section */
		0A80060F4088C5FC32AA2412 /* [CP] Embed Pods Frameworks */ = {
			isa = PBXShellScriptBuildPhase;
			buildActionMask = 2147483647;
			files = (
			);
			inputPaths = (
			);
			name = "[CP] Embed Pods Frameworks";
			outputPaths = (
			);
			runOnlyForDeploymentPostprocessing = 0;
			shellPath = /bin/sh;
			shellScript = "\"${SRCROOT}/Pods/Target Support Files/Pods-Queue/Pods-Queue-frameworks.sh\"\n";
			showEnvVarsInLog = 0;
		};
		7A977A901D967DAD0089218B /* ShellScript */ = {
			isa = PBXShellScriptBuildPhase;
			buildActionMask = 2147483647;
			files = (
			);
			inputPaths = (
			);
			outputPaths = (
			);
			runOnlyForDeploymentPostprocessing = 0;
			shellPath = /bin/sh;
			shellScript = "if which swiftlint >/dev/null; then\n  swiftlint\nelse\necho \"warning: SwiftLint not installed, download from https://github.com/realm/SwiftLint\"\nfi";
		};
		9532CCD0DCB0F327861AA682 /* [CP] Copy Pods Resources */ = {
			isa = PBXShellScriptBuildPhase;
			buildActionMask = 2147483647;
			files = (
			);
			inputPaths = (
			);
			name = "[CP] Copy Pods Resources";
			outputPaths = (
			);
			runOnlyForDeploymentPostprocessing = 0;
			shellPath = /bin/sh;
			shellScript = "\"${SRCROOT}/Pods/Target Support Files/Pods-Queue/Pods-Queue-resources.sh\"\n";
			showEnvVarsInLog = 0;
		};
		9E77D308D5ED467F5CAADE54 /* [CP] Check Pods Manifest.lock */ = {
			isa = PBXShellScriptBuildPhase;
			buildActionMask = 2147483647;
			files = (
			);
			inputPaths = (
			);
			name = "[CP] Check Pods Manifest.lock";
			outputPaths = (
			);
			runOnlyForDeploymentPostprocessing = 0;
			shellPath = /bin/sh;
			shellScript = "diff \"${PODS_ROOT}/../Podfile.lock\" \"${PODS_ROOT}/Manifest.lock\" > /dev/null\nif [[ $? != 0 ]] ; then\n    cat << EOM\nerror: The sandbox is not in sync with the Podfile.lock. Run 'pod install' or update your CocoaPods installation.\nEOM\n    exit 1\nfi\n";
			showEnvVarsInLog = 0;
		};
/* End PBXShellScriptBuildPhase section */

/* Begin PBXSourcesBuildPhase section */
		7A977A771D967CCC0089218B /* Sources */ = {
			isa = PBXSourcesBuildPhase;
			buildActionMask = 2147483647;
			files = (
				7A959B131D96D83A00B5382B /* RemoteNotificationsManager.swift in Sources */,
				7A977A811D967CCC0089218B /* ViewController.swift in Sources */,
				7A977A7F1D967CCC0089218B /* AppDelegate.swift in Sources */,
				7A8507F61D96C411002FA849 /* Location.swift in Sources */,
				7A8507F41D96C3E0002FA849 /* Address.swift in Sources */,
				7A8507FA1D96C511002FA849 /* FirebaseClient.swift in Sources */,
				7A8507F81D96C468002FA849 /* OpeningHours.swift in Sources */,
				7A8507F21D96C3C9002FA849 /* Department.swift in Sources */,
			);
			runOnlyForDeploymentPostprocessing = 0;
		};
/* End PBXSourcesBuildPhase section */

/* Begin PBXVariantGroup section */
		7A977A821D967CCC0089218B /* Main.storyboard */ = {
			isa = PBXVariantGroup;
			children = (
				7A977A831D967CCC0089218B /* Base */,
			);
			name = Main.storyboard;
			sourceTree = "<group>";
		};
		7A977A871D967CCC0089218B /* LaunchScreen.storyboard */ = {
			isa = PBXVariantGroup;
			children = (
				7A977A881D967CCC0089218B /* Base */,
			);
			name = LaunchScreen.storyboard;
			sourceTree = "<group>";
		};
/* End PBXVariantGroup section */

/* Begin XCBuildConfiguration section */
		7A977A8B1D967CCC0089218B /* Debug */ = {
			isa = XCBuildConfiguration;
			buildSettings = {
				ALWAYS_SEARCH_USER_PATHS = NO;
				CLANG_ANALYZER_NONNULL = YES;
				CLANG_CXX_LANGUAGE_STANDARD = "gnu++0x";
				CLANG_CXX_LIBRARY = "libc++";
				CLANG_ENABLE_MODULES = YES;
				CLANG_ENABLE_OBJC_ARC = YES;
				CLANG_WARN_BOOL_CONVERSION = YES;
				CLANG_WARN_CONSTANT_CONVERSION = YES;
				CLANG_WARN_DIRECT_OBJC_ISA_USAGE = YES_ERROR;
				CLANG_WARN_DOCUMENTATION_COMMENTS = YES;
				CLANG_WARN_EMPTY_BODY = YES;
				CLANG_WARN_ENUM_CONVERSION = YES;
				CLANG_WARN_INFINITE_RECURSION = YES;
				CLANG_WARN_INT_CONVERSION = YES;
				CLANG_WARN_OBJC_ROOT_CLASS = YES_ERROR;
				CLANG_WARN_SUSPICIOUS_MOVES = YES;
				CLANG_WARN_UNREACHABLE_CODE = YES;
				CLANG_WARN__DUPLICATE_METHOD_MATCH = YES;
				"CODE_SIGN_IDENTITY[sdk=iphoneos*]" = "iPhone Developer";
				COPY_PHASE_STRIP = NO;
				DEBUG_INFORMATION_FORMAT = dwarf;
				ENABLE_STRICT_OBJC_MSGSEND = YES;
				ENABLE_TESTABILITY = YES;
				GCC_C_LANGUAGE_STANDARD = gnu99;
				GCC_DYNAMIC_NO_PIC = NO;
				GCC_NO_COMMON_BLOCKS = YES;
				GCC_OPTIMIZATION_LEVEL = 0;
				GCC_PREPROCESSOR_DEFINITIONS = (
					"DEBUG=1",
					"$(inherited)",
				);
				GCC_WARN_64_TO_32_BIT_CONVERSION = YES;
				GCC_WARN_ABOUT_RETURN_TYPE = YES_ERROR;
				GCC_WARN_UNDECLARED_SELECTOR = YES;
				GCC_WARN_UNINITIALIZED_AUTOS = YES_AGGRESSIVE;
				GCC_WARN_UNUSED_FUNCTION = YES;
				GCC_WARN_UNUSED_VARIABLE = YES;
				IPHONEOS_DEPLOYMENT_TARGET = 10.0;
				MTL_ENABLE_DEBUG_INFO = YES;
				ONLY_ACTIVE_ARCH = YES;
				SDKROOT = iphoneos;
				SWIFT_ACTIVE_COMPILATION_CONDITIONS = DEBUG;
				SWIFT_OPTIMIZATION_LEVEL = "-Onone";
			};
			name = Debug;
		};
		7A977A8C1D967CCC0089218B /* Release */ = {
			isa = XCBuildConfiguration;
			buildSettings = {
				ALWAYS_SEARCH_USER_PATHS = NO;
				CLANG_ANALYZER_NONNULL = YES;
				CLANG_CXX_LANGUAGE_STANDARD = "gnu++0x";
				CLANG_CXX_LIBRARY = "libc++";
				CLANG_ENABLE_MODULES = YES;
				CLANG_ENABLE_OBJC_ARC = YES;
				CLANG_WARN_BOOL_CONVERSION = YES;
				CLANG_WARN_CONSTANT_CONVERSION = YES;
				CLANG_WARN_DIRECT_OBJC_ISA_USAGE = YES_ERROR;
				CLANG_WARN_DOCUMENTATION_COMMENTS = YES;
				CLANG_WARN_EMPTY_BODY = YES;
				CLANG_WARN_ENUM_CONVERSION = YES;
				CLANG_WARN_INFINITE_RECURSION = YES;
				CLANG_WARN_INT_CONVERSION = YES;
				CLANG_WARN_OBJC_ROOT_CLASS = YES_ERROR;
				CLANG_WARN_SUSPICIOUS_MOVES = YES;
				CLANG_WARN_UNREACHABLE_CODE = YES;
				CLANG_WARN__DUPLICATE_METHOD_MATCH = YES;
				"CODE_SIGN_IDENTITY[sdk=iphoneos*]" = "iPhone Developer";
				COPY_PHASE_STRIP = NO;
				DEBUG_INFORMATION_FORMAT = "dwarf-with-dsym";
				ENABLE_NS_ASSERTIONS = NO;
				ENABLE_STRICT_OBJC_MSGSEND = YES;
				GCC_C_LANGUAGE_STANDARD = gnu99;
				GCC_NO_COMMON_BLOCKS = YES;
				GCC_WARN_64_TO_32_BIT_CONVERSION = YES;
				GCC_WARN_ABOUT_RETURN_TYPE = YES_ERROR;
				GCC_WARN_UNDECLARED_SELECTOR = YES;
				GCC_WARN_UNINITIALIZED_AUTOS = YES_AGGRESSIVE;
				GCC_WARN_UNUSED_FUNCTION = YES;
				GCC_WARN_UNUSED_VARIABLE = YES;
				IPHONEOS_DEPLOYMENT_TARGET = 10.0;
				MTL_ENABLE_DEBUG_INFO = NO;
				SDKROOT = iphoneos;
				SWIFT_OPTIMIZATION_LEVEL = "-Owholemodule";
				VALIDATE_PRODUCT = YES;
			};
			name = Release;
		};
		7A977A8E1D967CCC0089218B /* Debug */ = {
			isa = XCBuildConfiguration;
			baseConfigurationReference = 5D5582A7969BE46707CCACF6 /* Pods-Queue.debug.xcconfig */;
			buildSettings = {
				ASSETCATALOG_COMPILER_APPICON_NAME = AppIcon;
				CODE_SIGN_ENTITLEMENTS = Queue/Queue.entitlements;
				CODE_SIGN_IDENTITY = "iPhone Developer: aleksander.grzyb@gmail.com (ZM8JG6DZSD)";
				"CODE_SIGN_IDENTITY[sdk=iphoneos*]" = "iPhone Developer";
				DEVELOPMENT_TEAM = 99UV99PF48;
				INFOPLIST_FILE = Queue/Info.plist;
				LD_RUNPATH_SEARCH_PATHS = "$(inherited) @executable_path/Frameworks";
				PRODUCT_BUNDLE_IDENTIFIER = com.aleksandergrzyb.Queue;
				PRODUCT_NAME = "$(TARGET_NAME)";
				PROVISIONING_PROFILE = "";
				PROVISIONING_PROFILE_SPECIFIER = "";
				SWIFT_VERSION = 3.0;
			};
			name = Debug;
		};
		7A977A8F1D967CCC0089218B /* Release */ = {
			isa = XCBuildConfiguration;
			baseConfigurationReference = 95FFDB5B57599E2B1775BC7A /* Pods-Queue.release.xcconfig */;
			buildSettings = {
				ASSETCATALOG_COMPILER_APPICON_NAME = AppIcon;
				CODE_SIGN_ENTITLEMENTS = Queue/Queue.entitlements;
				"CODE_SIGN_IDENTITY[sdk=iphoneos*]" = "iPhone Distribution";
				DEVELOPMENT_TEAM = 99UV99PF48;
				INFOPLIST_FILE = Queue/Info.plist;
				LD_RUNPATH_SEARCH_PATHS = "$(inherited) @executable_path/Frameworks";
				PRODUCT_BUNDLE_IDENTIFIER = com.aleksandergrzyb.Queue;
				PRODUCT_NAME = "$(TARGET_NAME)";
				SWIFT_VERSION = 3.0;
			};
			name = Release;
		};
/* End XCBuildConfiguration section */

/* Begin XCConfigurationList section */
		7A977A761D967CCC0089218B /* Build configuration list for PBXProject "Queue" */ = {
			isa = XCConfigurationList;
			buildConfigurations = (
				7A977A8B1D967CCC0089218B /* Debug */,
				7A977A8C1D967CCC0089218B /* Release */,
			);
			defaultConfigurationIsVisible = 0;
			defaultConfigurationName = Release;
		};
		7A977A8D1D967CCC0089218B /* Build configuration list for PBXNativeTarget "Queue" */ = {
			isa = XCConfigurationList;
			buildConfigurations = (
				7A977A8E1D967CCC0089218B /* Debug */,
				7A977A8F1D967CCC0089218B /* Release */,
			);
			defaultConfigurationIsVisible = 0;
			defaultConfigurationName = Release;
		};
/* End XCConfigurationList section */
	};
	rootObject = 7A977A731D967CCC0089218B /* Project object */;
}
